
Microsoft Visual Studio Solution File, Format Version 12.00
# Visual Studio 2012
Project("{FAE04EC0-301F-11D3-BF4B-00C04F79EFBC}") = "ChatApp", "ChatApp\ChatApp.csproj", "{07D13ED9-CD6F-4EBE-B463-9E6D5F004060}"
EndProject
Global
	GlobalSection(SolutionConfigurationPlatforms) = preSolution
		Debug|Any CPU = Debug|Any CPU
		Release|Any CPU = Release|Any CPU
	EndGlobalSection
	GlobalSection(ProjectConfigurationPlatforms) = postSolution
		{07D13ED9-CD6F-4EBE-B463-9E6D5F004060}.Debug|Any CPU.ActiveCfg = Debug|Any CPU
		{07D13ED9-CD6F-4EBE-B463-9E6D5F004060}.Debug|Any CPU.Build.0 = Debug|Any CPU
		{07D13ED9-CD6F-4EBE-B463-9E6D5F004060}.Release|Any CPU.ActiveCfg = Release|Any CPU
		{07D13ED9-CD6F-4EBE-B463-9E6D5F004060}.Release|Any CPU.Build.0 = Release|Any CPU
	EndGlobalSection
EndGlobal
